
Microsoft Visual Studio Solution File, Format Version 12.00
# Visual Studio Version 17
VisualStudioVersion = 17.11.35303.130
MinimumVisualStudioVersion = 10.0.40219.1
Project("{2150E333-8FDC-42A3-9474-1A3956D46DE8}") = "Task0", "Task0", "{98323BEA-AEE3-47EB-A825-22644FC8F52C}"
EndProject
Project("{2150E333-8FDC-42A3-9474-1A3956D46DE8}") = "Task1", "Task1", "{1E0D8795-0BD3-4A39-9514-54726D25A9EE}"
EndProject
Project("{2150E333-8FDC-42A3-9474-1A3956D46DE8}") = "Task2", "Task2", "{FC708869-092F-48D4-AB70-A3F2A483D15C}"
EndProject
Project("{2150E333-8FDC-42A3-9474-1A3956D46DE8}") = "Task3", "Task3", "{3CDA42B4-9931-48BC-AFE6-D67CAFEFB3B0}"
EndProject
Project("{2150E333-8FDC-42A3-9474-1A3956D46DE8}") = "Task4", "Task4", "{CAEDE319-C79D-4204-9DF8-AAAB950688DE}"
EndProject
Project("{2150E333-8FDC-42A3-9474-1A3956D46DE8}") = "Task5", "Task5", "{D242E29B-43D7-4F2D-9EBB-985697149E97}"
EndProject
Project("{2150E333-8FDC-42A3-9474-1A3956D46DE8}") = "Task6", "Task6", "{0C2500FF-15EA-4763-9761-F89B56954A1A}"
EndProject
Project("{2150E333-8FDC-42A3-9474-1A3956D46DE8}") = "Task7", "Task7", "{E31933A1-51F8-4FD3-8F90-B36A54836FB5}"
EndProject
Project("{9A19103F-16F7-4668-BE54-9A1E7A4F7556}") = "Tyuiu.SeledkovNP.Sprint6.Task0.V3.Lib", "Tyuiu.SeledkovNP.Sprint6.Task0.V3.Lib\Tyuiu.SeledkovNP.Sprint6.Task0.V3.Lib.csproj", "{8A09E4CF-3246-43D5-B497-622F9E13E64D}"
EndProject
Project("{9A19103F-16F7-4668-BE54-9A1E7A4F7556}") = "Tyuiu.SeledkovNP.Sprint6.Task0.V3.Test", "Tyuiu.SeledkovNP.Sprint6.Task0.V3.Test\Tyuiu.SeledkovNP.Sprint6.Task0.V3.Test.csproj", "{2B73B5B3-3BDE-4A97-8E9F-F8125D2A5A70}"
EndProject
Project("{9A19103F-16F7-4668-BE54-9A1E7A4F7556}") = "Tyuiu.SeledkovNP.Sprint6.Task1.V25.Test", "Tyuiu.SeledkovNP.Sprint6.Task1.V25.Test\Tyuiu.SeledkovNP.Sprint6.Task1.V25.Test.csproj", "{AC28DF1B-86C0-4E6E-B082-335E2B7F4890}"
EndProject
Project("{9A19103F-16F7-4668-BE54-9A1E7A4F7556}") = "Tyuiu.SeledkovNP.Sprint6.Task1.V25.Lib", "Tyuiu.SeledkovNP.Sprint6.Task1.V25.Lib\Tyuiu.SeledkovNP.Sprint6.Task1.V25.Lib.csproj", "{9FCBB9B0-6161-47E8-93D4-10F4AB0E23C3}"
EndProject
Project("{9A19103F-16F7-4668-BE54-9A1E7A4F7556}") = "Tyuiu.SeledkovNP.Sprint6.Task3.V5.Test", "Tyuiu.SeledkovNP.Sprint6.Task3.V5.Test\Tyuiu.SeledkovNP.Sprint6.Task3.V5.Test.csproj", "{BB59C7DD-2B32-4B0D-B7A4-0E25712042D0}"
EndProject
Project("{9A19103F-16F7-4668-BE54-9A1E7A4F7556}") = "Tyuiu.SeledkovNP.Sprint6.Task3.V5.Lib", "Tyuiu.SeledkovNP.Sprint6.Task3.V5.Lib\Tyuiu.SeledkovNP.Sprint6.Task3.V5.Lib.csproj", "{44E0288C-2FAD-4D52-9C01-3C98E44C0E8C}"
EndProject
Project("{9A19103F-16F7-4668-BE54-9A1E7A4F7556}") = "Tyuiu.SeledkovNP.Sprint6.Task4.V16.Lib", "Tyuiu.SeledkovNP.Sprint6.Task4.V16.Lib\Tyuiu.SeledkovNP.Sprint6.Task4.V16.Lib.csproj", "{5E498045-5E49-4903-9A4B-221490EE61A2}"
EndProject
Project("{9A19103F-16F7-4668-BE54-9A1E7A4F7556}") = "Tyuiu.SeledkovNP.Sprint6.Task4.V16.Test", "Tyuiu.SeledkovNP.Sprint6.Task4.V16.Test\Tyuiu.SeledkovNP.Sprint6.Task4.V16.Test.csproj", "{5A9D23A1-3838-4884-8532-E264CEA04EE9}"
EndProject
Project("{9A19103F-16F7-4668-BE54-9A1E7A4F7556}") = "Tyuiu.SeledkovNP.Sprint6.Task5.V7.Test", "Tyuiu.SeledkovNP.Sprint6.Task5.V7.Test\Tyuiu.SeledkovNP.Sprint6.Task5.V7.Test.csproj", "{A0D585E5-D3B9-47F4-AEED-D233D418AF4C}"
EndProject
Project("{9A19103F-16F7-4668-BE54-9A1E7A4F7556}") = "Tyuiu.SeledkovNP.Sprint6.Task5.V7.Lib", "Tyuiu.SeledkovNP.Sprint6.Task5.V7.Lib\Tyuiu.SeledkovNP.Sprint6.Task5.V7.Lib.csproj", "{F0974B41-1216-48E5-B46D-7B863224D1BC}"
EndProject
Project("{9A19103F-16F7-4668-BE54-9A1E7A4F7556}") = "Tyuiu.SeledkovNP.Sprint6.Task6.V22.Lib", "Tyuiu.SeledkovNP.Sprint6.Task6.V22.Lib\Tyuiu.SeledkovNP.Sprint6.Task6.V22.Lib.csproj", "{4CF9ED90-53FB-4F75-A151-2220FDD42C1F}"
EndProject
Project("{9A19103F-16F7-4668-BE54-9A1E7A4F7556}") = "Tyuiu.SeledkovNP.Sprint6.Task6.V22.Test", "Tyuiu.SeledkovNP.Sprint6.Task6.V22.Test\Tyuiu.SeledkovNP.Sprint6.Task6.V22.Test.csproj", "{9F556864-D94E-42B1-8EEF-876F60B5130E}"
EndProject
Project("{9A19103F-16F7-4668-BE54-9A1E7A4F7556}") = "Tyuiu.SeledkovNP.Sprint6.Task7.V30.Test", "Tyuiu.SeledkovNP.Sprint6.Task7.V30.Test\Tyuiu.SeledkovNP.Sprint6.Task7.V30.Test.csproj", "{67DFA756-1B57-4378-B2B1-2D8E4D559791}"
EndProject
Project("{9A19103F-16F7-4668-BE54-9A1E7A4F7556}") = "Tyuiu.SeledkovNP.Sprint6.Task7.V30.Lib", "Tyuiu.SeledkovNP.Sprint6.Task7.V30.Lib\Tyuiu.SeledkovNP.Sprint6.Task7.V30.Lib.csproj", "{B0AFD629-58AB-4B41-A2E3-00C005D96DDD}"
EndProject
Project("{9A19103F-16F7-4668-BE54-9A1E7A4F7556}") = "Tyuiu.SeledkovNP.Sprint6.Task2.V27.Lib", "Tyuiu.SeledkovNP.Sprint6.Task2.V27.Lib\Tyuiu.SeledkovNP.Sprint6.Task2.V27.Lib.csproj", "{FD182AFC-018C-4E3B-B53A-229BF35B0365}"
EndProject
Project("{9A19103F-16F7-4668-BE54-9A1E7A4F7556}") = "Tyuiu.SeledkovNP.Sprint6.Task2.V27.Test", "Tyuiu.SeledkovNP.Sprint6.Task2.V27.Test\Tyuiu.SeledkovNP.Sprint6.Task2.V27.Test.csproj", "{BFA213E2-456E-4314-AED7-6C529749C016}"
EndProject
Project("{FAE04EC0-301F-11D3-BF4B-00C04F79EFBC}") = "Tyuiu.SeledkovNP.Sprint6.Task0.V3", "Tyuiu.SeledkovNP.Sprint6.Task0.V3\Tyuiu.SeledkovNP.Sprint6.Task0.V3.csproj", "{B932727F-296F-404E-8321-A03B517BB314}"
EndProject
Global
	GlobalSection(SolutionConfigurationPlatforms) = preSolution
		Debug|Any CPU = Debug|Any CPU
		Release|Any CPU = Release|Any CPU
	EndGlobalSection
	GlobalSection(ProjectConfigurationPlatforms) = postSolution
		{8A09E4CF-3246-43D5-B497-622F9E13E64D}.Debug|Any CPU.ActiveCfg = Debug|Any CPU
		{8A09E4CF-3246-43D5-B497-622F9E13E64D}.Debug|Any CPU.Build.0 = Debug|Any CPU
		{8A09E4CF-3246-43D5-B497-622F9E13E64D}.Release|Any CPU.ActiveCfg = Release|Any CPU
		{8A09E4CF-3246-43D5-B497-622F9E13E64D}.Release|Any CPU.Build.0 = Release|Any CPU
		{2B73B5B3-3BDE-4A97-8E9F-F8125D2A5A70}.Debug|Any CPU.ActiveCfg = Debug|Any CPU
		{2B73B5B3-3BDE-4A97-8E9F-F8125D2A5A70}.Debug|Any CPU.Build.0 = Debug|Any CPU
		{2B73B5B3-3BDE-4A97-8E9F-F8125D2A5A70}.Release|Any CPU.ActiveCfg = Release|Any CPU
		{2B73B5B3-3BDE-4A97-8E9F-F8125D2A5A70}.Release|Any CPU.Build.0 = Release|Any CPU
		{AC28DF1B-86C0-4E6E-B082-335E2B7F4890}.Debug|Any CPU.ActiveCfg = Debug|Any CPU
		{AC28DF1B-86C0-4E6E-B082-335E2B7F4890}.Debug|Any CPU.Build.0 = Debug|Any CPU
		{AC28DF1B-86C0-4E6E-B082-335E2B7F4890}.Release|Any CPU.ActiveCfg = Release|Any CPU
		{AC28DF1B-86C0-4E6E-B082-335E2B7F4890}.Release|Any CPU.Build.0 = Release|Any CPU
		{9FCBB9B0-6161-47E8-93D4-10F4AB0E23C3}.Debug|Any CPU.ActiveCfg = Debug|Any CPU
		{9FCBB9B0-6161-47E8-93D4-10F4AB0E23C3}.Debug|Any CPU.Build.0 = Debug|Any CPU
		{9FCBB9B0-6161-47E8-93D4-10F4AB0E23C3}.Release|Any CPU.ActiveCfg = Release|Any CPU
		{9FCBB9B0-6161-47E8-93D4-10F4AB0E23C3}.Release|Any CPU.Build.0 = Release|Any CPU
		{BB59C7DD-2B32-4B0D-B7A4-0E25712042D0}.Debug|Any CPU.ActiveCfg = Debug|Any CPU
		{BB59C7DD-2B32-4B0D-B7A4-0E25712042D0}.Debug|Any CPU.Build.0 = Debug|Any CPU
		{BB59C7DD-2B32-4B0D-B7A4-0E25712042D0}.Release|Any CPU.ActiveCfg = Release|Any CPU
		{BB59C7DD-2B32-4B0D-B7A4-0E25712042D0}.Release|Any CPU.Build.0 = Release|Any CPU
		{44E0288C-2FAD-4D52-9C01-3C98E44C0E8C}.Debug|Any CPU.ActiveCfg = Debug|Any CPU
		{44E0288C-2FAD-4D52-9C01-3C98E44C0E8C}.Debug|Any CPU.Build.0 = Debug|Any CPU
		{44E0288C-2FAD-4D52-9C01-3C98E44C0E8C}.Release|Any CPU.ActiveCfg = Release|Any CPU
		{44E0288C-2FAD-4D52-9C01-3C98E44C0E8C}.Release|Any CPU.Build.0 = Release|Any CPU
		{5E498045-5E49-4903-9A4B-221490EE61A2}.Debug|Any CPU.ActiveCfg = Debug|Any CPU
		{5E498045-5E49-4903-9A4B-221490EE61A2}.Debug|Any CPU.Build.0 = Debug|Any CPU
		{5E498045-5E49-4903-9A4B-221490EE61A2}.Release|Any CPU.ActiveCfg = Release|Any CPU
		{5E498045-5E49-4903-9A4B-221490EE61A2}.Release|Any CPU.Build.0 = Release|Any CPU
		{5A9D23A1-3838-4884-8532-E264CEA04EE9}.Debug|Any CPU.ActiveCfg = Debug|Any CPU
		{5A9D23A1-3838-4884-8532-E264CEA04EE9}.Debug|Any CPU.Build.0 = Debug|Any CPU
		{5A9D23A1-3838-4884-8532-E264CEA04EE9}.Release|Any CPU.ActiveCfg = Release|Any CPU
		{5A9D23A1-3838-4884-8532-E264CEA04EE9}.Release|Any CPU.Build.0 = Release|Any CPU
		{A0D585E5-D3B9-47F4-AEED-D233D418AF4C}.Debug|Any CPU.ActiveCfg = Debug|Any CPU
		{A0D585E5-D3B9-47F4-AEED-D233D418AF4C}.Debug|Any CPU.Build.0 = Debug|Any CPU
		{A0D585E5-D3B9-47F4-AEED-D233D418AF4C}.Release|Any CPU.ActiveCfg = Release|Any CPU
		{A0D585E5-D3B9-47F4-AEED-D233D418AF4C}.Release|Any CPU.Build.0 = Release|Any CPU
		{F0974B41-1216-48E5-B46D-7B863224D1BC}.Debug|Any CPU.ActiveCfg = Debug|Any CPU
		{F0974B41-1216-48E5-B46D-7B863224D1BC}.Debug|Any CPU.Build.0 = Debug|Any CPU
		{F0974B41-1216-48E5-B46D-7B863224D1BC}.Release|Any CPU.ActiveCfg = Release|Any CPU
		{F0974B41-1216-48E5-B46D-7B863224D1BC}.Release|Any CPU.Build.0 = Release|Any CPU
		{4CF9ED90-53FB-4F75-A151-2220FDD42C1F}.Debug|Any CPU.ActiveCfg = Debug|Any CPU
		{4CF9ED90-53FB-4F75-A151-2220FDD42C1F}.Debug|Any CPU.Build.0 = Debug|Any CPU
		{4CF9ED90-53FB-4F75-A151-2220FDD42C1F}.Release|Any CPU.ActiveCfg = Release|Any CPU
		{4CF9ED90-53FB-4F75-A151-2220FDD42C1F}.Release|Any CPU.Build.0 = Release|Any CPU
		{9F556864-D94E-42B1-8EEF-876F60B5130E}.Debug|Any CPU.ActiveCfg = Debug|Any CPU
		{9F556864-D94E-42B1-8EEF-876F60B5130E}.Debug|Any CPU.Build.0 = Debug|Any CPU
		{9F556864-D94E-42B1-8EEF-876F60B5130E}.Release|Any CPU.ActiveCfg = Release|Any CPU
		{9F556864-D94E-42B1-8EEF-876F60B5130E}.Release|Any CPU.Build.0 = Release|Any CPU
		{67DFA756-1B57-4378-B2B1-2D8E4D559791}.Debug|Any CPU.ActiveCfg = Debug|Any CPU
		{67DFA756-1B57-4378-B2B1-2D8E4D559791}.Debug|Any CPU.Build.0 = Debug|Any CPU
		{67DFA756-1B57-4378-B2B1-2D8E4D559791}.Release|Any CPU.ActiveCfg = Release|Any CPU
		{67DFA756-1B57-4378-B2B1-2D8E4D559791}.Release|Any CPU.Build.0 = Release|Any CPU
		{B0AFD629-58AB-4B41-A2E3-00C005D96DDD}.Debug|Any CPU.ActiveCfg = Debug|Any CPU
		{B0AFD629-58AB-4B41-A2E3-00C005D96DDD}.Debug|Any CPU.Build.0 = Debug|Any CPU
		{B0AFD629-58AB-4B41-A2E3-00C005D96DDD}.Release|Any CPU.ActiveCfg = Release|Any CPU
		{B0AFD629-58AB-4B41-A2E3-00C005D96DDD}.Release|Any CPU.Build.0 = Release|Any CPU
		{FD182AFC-018C-4E3B-B53A-229BF35B0365}.Debug|Any CPU.ActiveCfg = Debug|Any CPU
		{FD182AFC-018C-4E3B-B53A-229BF35B0365}.Debug|Any CPU.Build.0 = Debug|Any CPU
		{FD182AFC-018C-4E3B-B53A-229BF35B0365}.Release|Any CPU.ActiveCfg = Release|Any CPU
		{FD182AFC-018C-4E3B-B53A-229BF35B0365}.Release|Any CPU.Build.0 = Release|Any CPU
		{BFA213E2-456E-4314-AED7-6C529749C016}.Debug|Any CPU.ActiveCfg = Debug|Any CPU
		{BFA213E2-456E-4314-AED7-6C529749C016}.Debug|Any CPU.Build.0 = Debug|Any CPU
		{BFA213E2-456E-4314-AED7-6C529749C016}.Release|Any CPU.ActiveCfg = Release|Any CPU
		{BFA213E2-456E-4314-AED7-6C529749C016}.Release|Any CPU.Build.0 = Release|Any CPU
		{B932727F-296F-404E-8321-A03B517BB314}.Debug|Any CPU.ActiveCfg = Debug|Any CPU
		{B932727F-296F-404E-8321-A03B517BB314}.Debug|Any CPU.Build.0 = Debug|Any CPU
		{B932727F-296F-404E-8321-A03B517BB314}.Release|Any CPU.ActiveCfg = Release|Any CPU
		{B932727F-296F-404E-8321-A03B517BB314}.Release|Any CPU.Build.0 = Release|Any CPU
	EndGlobalSection
	GlobalSection(SolutionProperties) = preSolution
		HideSolutionNode = FALSE
	EndGlobalSection
	GlobalSection(NestedProjects) = preSolution
		{8A09E4CF-3246-43D5-B497-622F9E13E64D} = {98323BEA-AEE3-47EB-A825-22644FC8F52C}
		{2B73B5B3-3BDE-4A97-8E9F-F8125D2A5A70} = {98323BEA-AEE3-47EB-A825-22644FC8F52C}
		{AC28DF1B-86C0-4E6E-B082-335E2B7F4890} = {1E0D8795-0BD3-4A39-9514-54726D25A9EE}
		{9FCBB9B0-6161-47E8-93D4-10F4AB0E23C3} = {1E0D8795-0BD3-4A39-9514-54726D25A9EE}
		{BB59C7DD-2B32-4B0D-B7A4-0E25712042D0} = {3CDA42B4-9931-48BC-AFE6-D67CAFEFB3B0}
		{44E0288C-2FAD-4D52-9C01-3C98E44C0E8C} = {3CDA42B4-9931-48BC-AFE6-D67CAFEFB3B0}
		{5E498045-5E49-4903-9A4B-221490EE61A2} = {CAEDE319-C79D-4204-9DF8-AAAB950688DE}
		{5A9D23A1-3838-4884-8532-E264CEA04EE9} = {CAEDE319-C79D-4204-9DF8-AAAB950688DE}
		{A0D585E5-D3B9-47F4-AEED-D233D418AF4C} = {D242E29B-43D7-4F2D-9EBB-985697149E97}
		{F0974B41-1216-48E5-B46D-7B863224D1BC} = {D242E29B-43D7-4F2D-9EBB-985697149E97}
		{4CF9ED90-53FB-4F75-A151-2220FDD42C1F} = {0C2500FF-15EA-4763-9761-F89B56954A1A}
		{9F556864-D94E-42B1-8EEF-876F60B5130E} = {0C2500FF-15EA-4763-9761-F89B56954A1A}
		{67DFA756-1B57-4378-B2B1-2D8E4D559791} = {E31933A1-51F8-4FD3-8F90-B36A54836FB5}
		{B0AFD629-58AB-4B41-A2E3-00C005D96DDD} = {E31933A1-51F8-4FD3-8F90-B36A54836FB5}
		{FD182AFC-018C-4E3B-B53A-229BF35B0365} = {FC708869-092F-48D4-AB70-A3F2A483D15C}
		{BFA213E2-456E-4314-AED7-6C529749C016} = {FC708869-092F-48D4-AB70-A3F2A483D15C}
		{B932727F-296F-404E-8321-A03B517BB314} = {98323BEA-AEE3-47EB-A825-22644FC8F52C}
	EndGlobalSection
	GlobalSection(ExtensibilityGlobals) = postSolution
		SolutionGuid = {D8627EB5-7F26-4EB8-9AEA-087F779B3C82}
	EndGlobalSection
EndGlobal
